// !$*UTF8*$!
{
	archiveVersion = 1;
	classes = {
	};
	objectVersion = 46;
	objects = {

/* Begin PBXBuildFile section */
		B6012A4A1E5F5C4E00289A16 /* AppDelegate.swift in Sources */ = {isa = PBXBuildFile; fileRef = B6012A491E5F5C4E00289A16 /* AppDelegate.swift */; };
		B6012A4C1E5F5C4E00289A16 /* ViewController.swift in Sources */ = {isa = PBXBuildFile; fileRef = B6012A4B1E5F5C4E00289A16 /* ViewController.swift */; };
		B6012A4F1E5F5C4E00289A16 /* Main.storyboard in Resources */ = {isa = PBXBuildFile; fileRef = B6012A4D1E5F5C4E00289A16 /* Main.storyboard */; };
		B6012A511E5F5C4E00289A16 /* Assets.xcassets in Resources */ = {isa = PBXBuildFile; fileRef = B6012A501E5F5C4E00289A16 /* Assets.xcassets */; };
		B6012A541E5F5C4E00289A16 /* LaunchScreen.storyboard in Resources */ = {isa = PBXBuildFile; fileRef = B6012A521E5F5C4E00289A16 /* LaunchScreen.storyboard */; };
		B6012A611E5F65AE00289A16 /* Days.storyboard in Resources */ = {isa = PBXBuildFile; fileRef = B6012A601E5F65AE00289A16 /* Days.storyboard */; };
		B6012A631E5F681300289A16 /* DaysPageViewController.swift in Sources */ = {isa = PBXBuildFile; fileRef = B6012A621E5F681300289A16 /* DaysPageViewController.swift */; };
		B6012A651E5F685200289A16 /* DaysViewController.swift in Sources */ = {isa = PBXBuildFile; fileRef = B6012A641E5F685200289A16 /* DaysViewController.swift */; };
		B6012A681E5F68E900289A16 /* Day.storyboard in Resources */ = {isa = PBXBuildFile; fileRef = B6012A671E5F68E900289A16 /* Day.storyboard */; };
		B6012A6A1E5F691600289A16 /* DayViewController.swift in Sources */ = {isa = PBXBuildFile; fileRef = B6012A691E5F691600289A16 /* DayViewController.swift */; };
		B6012A6E1E5F6AC500289A16 /* FoodTruckMainCell.swift in Sources */ = {isa = PBXBuildFile; fileRef = B6012A6C1E5F6AC500289A16 /* FoodTruckMainCell.swift */; };
		B6012A6F1E5F6AC500289A16 /* FoodTruckMainCell.xib in Resources */ = {isa = PBXBuildFile; fileRef = B6012A6D1E5F6AC500289A16 /* FoodTruckMainCell.xib */; };
		B6012A721E5F6B7300289A16 /* FoodTruckContentCell.swift in Sources */ = {isa = PBXBuildFile; fileRef = B6012A701E5F6B7300289A16 /* FoodTruckContentCell.swift */; };
		B6012A731E5F6B7300289A16 /* FoodTruckContentCell.xib in Resources */ = {isa = PBXBuildFile; fileRef = B6012A711E5F6B7300289A16 /* FoodTruckContentCell.xib */; };
		B6012A761E5F72A000289A16 /* MealCell.swift in Sources */ = {isa = PBXBuildFile; fileRef = B6012A741E5F72A000289A16 /* MealCell.swift */; };
		B6012A771E5F72A000289A16 /* MealCell.xib in Resources */ = {isa = PBXBuildFile; fileRef = B6012A751E5F72A000289A16 /* MealCell.xib */; };
		B6039A731E6237F200B2E918 /* UIColorExtension.swift in Sources */ = {isa = PBXBuildFile; fileRef = B6039A721E6237F200B2E918 /* UIColorExtension.swift */; };
		B6039A761E62381500B2E918 /* Appearance.swift in Sources */ = {isa = PBXBuildFile; fileRef = B6039A751E62381500B2E918 /* Appearance.swift */; };
		B62A33EE1E61A4BB006C81D5 /* MealViewModel.swift in Sources */ = {isa = PBXBuildFile; fileRef = B62A33ED1E61A4BB006C81D5 /* MealViewModel.swift */; };
		B62A33F11E61A511006C81D5 /* MealModel.swift in Sources */ = {isa = PBXBuildFile; fileRef = B62A33F01E61A511006C81D5 /* MealModel.swift */; };
		B62A33F31E61E0A6006C81D5 /* FoodTruckModel.swift in Sources */ = {isa = PBXBuildFile; fileRef = B62A33F21E61E0A6006C81D5 /* FoodTruckModel.swift */; };
		B62A33F51E61E371006C81D5 /* FoodTruckViewModel.swift in Sources */ = {isa = PBXBuildFile; fileRef = B62A33F41E61E371006C81D5 /* FoodTruckViewModel.swift */; };
		B62A33F71E6208BA006C81D5 /* DayModel.swift in Sources */ = {isa = PBXBuildFile; fileRef = B62A33F61E6208BA006C81D5 /* DayModel.swift */; };
		B62A33F91E620B35006C81D5 /* DayViewModel.swift in Sources */ = {isa = PBXBuildFile; fileRef = B62A33F81E620B35006C81D5 /* DayViewModel.swift */; };
		B62A33FB1E620E06006C81D5 /* RealmManager.swift in Sources */ = {isa = PBXBuildFile; fileRef = B62A33FA1E620E06006C81D5 /* RealmManager.swift */; };
		E1DD367FAAF2BFD9A8F81994 /* Pods_Nom.framework in Frameworks */ = {isa = PBXBuildFile; fileRef = 65553FF5C11D9E1D260E16EC /* Pods_Nom.framework */; };
/* End PBXBuildFile section */

/* Begin PBXFileReference section */
		65553FF5C11D9E1D260E16EC /* Pods_Nom.framework */ = {isa = PBXFileReference; explicitFileType = wrapper.framework; includeInIndex = 0; path = Pods_Nom.framework; sourceTree = BUILT_PRODUCTS_DIR; };
		AD3DCFCF381B075058511029 /* Pods-Nom.release.xcconfig */ = {isa = PBXFileReference; includeInIndex = 1; lastKnownFileType = text.xcconfig; name = "Pods-Nom.release.xcconfig"; path = "Pods/Target Support Files/Pods-Nom/Pods-Nom.release.xcconfig"; sourceTree = "<group>"; };
		B6012A461E5F5C4E00289A16 /* Nom.app */ = {isa = PBXFileReference; explicitFileType = wrapper.application; includeInIndex = 0; path = Nom.app; sourceTree = BUILT_PRODUCTS_DIR; };
		B6012A491E5F5C4E00289A16 /* AppDelegate.swift */ = {isa = PBXFileReference; lastKnownFileType = sourcecode.swift; path = AppDelegate.swift; sourceTree = "<group>"; };
		B6012A4B1E5F5C4E00289A16 /* ViewController.swift */ = {isa = PBXFileReference; lastKnownFileType = sourcecode.swift; path = ViewController.swift; sourceTree = "<group>"; };
		B6012A4E1E5F5C4E00289A16 /* Base */ = {isa = PBXFileReference; lastKnownFileType = file.storyboard; name = Base; path = Base.lproj/Main.storyboard; sourceTree = "<group>"; };
		B6012A501E5F5C4E00289A16 /* Assets.xcassets */ = {isa = PBXFileReference; lastKnownFileType = folder.assetcatalog; path = Assets.xcassets; sourceTree = "<group>"; };
		B6012A531E5F5C4E00289A16 /* Base */ = {isa = PBXFileReference; lastKnownFileType = file.storyboard; name = Base; path = Base.lproj/LaunchScreen.storyboard; sourceTree = "<group>"; };
		B6012A551E5F5C4E00289A16 /* Info.plist */ = {isa = PBXFileReference; lastKnownFileType = text.plist.xml; path = Info.plist; sourceTree = "<group>"; };
		B6012A601E5F65AE00289A16 /* Days.storyboard */ = {isa = PBXFileReference; fileEncoding = 4; lastKnownFileType = file.storyboard; name = Days.storyboard; path = MainView/View/Days.storyboard; sourceTree = "<group>"; };
		B6012A621E5F681300289A16 /* DaysPageViewController.swift */ = {isa = PBXFileReference; fileEncoding = 4; lastKnownFileType = sourcecode.swift; name = DaysPageViewController.swift; path = MainView/View/DaysPageViewController.swift; sourceTree = "<group>"; };
		B6012A641E5F685200289A16 /* DaysViewController.swift */ = {isa = PBXFileReference; fileEncoding = 4; lastKnownFileType = sourcecode.swift; name = DaysViewController.swift; path = MainView/View/DaysViewController.swift; sourceTree = "<group>"; };
		B6012A671E5F68E900289A16 /* Day.storyboard */ = {isa = PBXFileReference; fileEncoding = 4; lastKnownFileType = file.storyboard; name = Day.storyboard; path = MainView/View/Day.storyboard; sourceTree = "<group>"; };
		B6012A691E5F691600289A16 /* DayViewController.swift */ = {isa = PBXFileReference; fileEncoding = 4; lastKnownFileType = sourcecode.swift; name = DayViewController.swift; path = MainView/View/DayViewController.swift; sourceTree = "<group>"; };
		B6012A6C1E5F6AC500289A16 /* FoodTruckMainCell.swift */ = {isa = PBXFileReference; fileEncoding = 4; lastKnownFileType = sourcecode.swift; name = FoodTruckMainCell.swift; path = MainView/View/FoodTruckMainCell.swift; sourceTree = "<group>"; };
		B6012A6D1E5F6AC500289A16 /* FoodTruckMainCell.xib */ = {isa = PBXFileReference; fileEncoding = 4; lastKnownFileType = file.xib; name = FoodTruckMainCell.xib; path = MainView/View/FoodTruckMainCell.xib; sourceTree = "<group>"; };
		B6012A701E5F6B7300289A16 /* FoodTruckContentCell.swift */ = {isa = PBXFileReference; fileEncoding = 4; lastKnownFileType = sourcecode.swift; name = FoodTruckContentCell.swift; path = MainView/View/FoodTruckContentCell.swift; sourceTree = "<group>"; };
		B6012A711E5F6B7300289A16 /* FoodTruckContentCell.xib */ = {isa = PBXFileReference; fileEncoding = 4; lastKnownFileType = file.xib; name = FoodTruckContentCell.xib; path = MainView/View/FoodTruckContentCell.xib; sourceTree = "<group>"; };
		B6012A741E5F72A000289A16 /* MealCell.swift */ = {isa = PBXFileReference; fileEncoding = 4; lastKnownFileType = sourcecode.swift; name = MealCell.swift; path = MainView/View/MealCell.swift; sourceTree = "<group>"; };
		B6012A751E5F72A000289A16 /* MealCell.xib */ = {isa = PBXFileReference; fileEncoding = 4; lastKnownFileType = file.xib; name = MealCell.xib; path = MainView/View/MealCell.xib; sourceTree = "<group>"; };
		B6039A721E6237F200B2E918 /* UIColorExtension.swift */ = {isa = PBXFileReference; fileEncoding = 4; lastKnownFileType = sourcecode.swift; name = UIColorExtension.swift; path = Extensions/UIColorExtension.swift; sourceTree = "<group>"; };
		B6039A751E62381500B2E918 /* Appearance.swift */ = {isa = PBXFileReference; fileEncoding = 4; lastKnownFileType = sourcecode.swift; name = Appearance.swift; path = Settings/Appearance.swift; sourceTree = "<group>"; };
		B62A33ED1E61A4BB006C81D5 /* MealViewModel.swift */ = {isa = PBXFileReference; fileEncoding = 4; lastKnownFileType = sourcecode.swift; name = MealViewModel.swift; path = MainView/ViewModel/MealViewModel.swift; sourceTree = "<group>"; };
		B62A33F01E61A511006C81D5 /* MealModel.swift */ = {isa = PBXFileReference; fileEncoding = 4; lastKnownFileType = sourcecode.swift; name = MealModel.swift; path = MainView/Model/MealModel.swift; sourceTree = "<group>"; };
		B62A33F21E61E0A6006C81D5 /* FoodTruckModel.swift */ = {isa = PBXFileReference; fileEncoding = 4; lastKnownFileType = sourcecode.swift; name = FoodTruckModel.swift; path = MainView/Model/FoodTruckModel.swift; sourceTree = "<group>"; };
		B62A33F41E61E371006C81D5 /* FoodTruckViewModel.swift */ = {isa = PBXFileReference; fileEncoding = 4; lastKnownFileType = sourcecode.swift; name = FoodTruckViewModel.swift; path = MainView/ViewModel/FoodTruckViewModel.swift; sourceTree = "<group>"; };
		B62A33F61E6208BA006C81D5 /* DayModel.swift */ = {isa = PBXFileReference; fileEncoding = 4; lastKnownFileType = sourcecode.swift; name = DayModel.swift; path = MainView/Model/DayModel.swift; sourceTree = "<group>"; };
		B62A33F81E620B35006C81D5 /* DayViewModel.swift */ = {isa = PBXFileReference; fileEncoding = 4; lastKnownFileType = sourcecode.swift; name = DayViewModel.swift; path = MainView/ViewModel/DayViewModel.swift; sourceTree = "<group>"; };
		B62A33FA1E620E06006C81D5 /* RealmManager.swift */ = {isa = PBXFileReference; fileEncoding = 4; lastKnownFileType = sourcecode.swift; path = RealmManager.swift; sourceTree = "<group>"; };
		E78AFCE00F11F3733400ABB1 /* Pods-Nom.debug.xcconfig */ = {isa = PBXFileReference; includeInIndex = 1; lastKnownFileType = text.xcconfig; name = "Pods-Nom.debug.xcconfig"; path = "Pods/Target Support Files/Pods-Nom/Pods-Nom.debug.xcconfig"; sourceTree = "<group>"; };
/* End PBXFileReference section */

/* Begin PBXFrameworksBuildPhase section */
		B6012A431E5F5C4E00289A16 /* Frameworks */ = {
			isa = PBXFrameworksBuildPhase;
			buildActionMask = 2147483647;
			files = (
				E1DD367FAAF2BFD9A8F81994 /* Pods_Nom.framework in Frameworks */,
			);
			runOnlyForDeploymentPostprocessing = 0;
		};
/* End PBXFrameworksBuildPhase section */

/* Begin PBXGroup section */
		0DA2FF98F93F1DF33EC3CBCD /* Frameworks */ = {
			isa = PBXGroup;
			children = (
				65553FF5C11D9E1D260E16EC /* Pods_Nom.framework */,
			);
			name = Frameworks;
			sourceTree = "<group>";
		};
		B6012A3D1E5F5C4E00289A16 = {
			isa = PBXGroup;
			children = (
				B6012A481E5F5C4E00289A16 /* Nom */,
				B6012A471E5F5C4E00289A16 /* Products */,
				B6700654B24FDC2FB1A625C1 /* Pods */,
				0DA2FF98F93F1DF33EC3CBCD /* Frameworks */,
			);
			sourceTree = "<group>";
		};
		B6012A471E5F5C4E00289A16 /* Products */ = {
			isa = PBXGroup;
			children = (
				B6012A461E5F5C4E00289A16 /* Nom.app */,
			);
			name = Products;
			sourceTree = "<group>";
		};
		B6012A481E5F5C4E00289A16 /* Nom */ = {
			isa = PBXGroup;
			children = (
				B6039A741E6237FF00B2E918 /* Settings */,
				B6039A711E6237D800B2E918 /* Extensions */,
				B6012A5E1E5F653C00289A16 /* MainView */,
				B6012A5B1E5F5F2C00289A16 /* Launcher */,
				B6012A491E5F5C4E00289A16 /* AppDelegate.swift */,
				B6012A4B1E5F5C4E00289A16 /* ViewController.swift */,
				B6012A4D1E5F5C4E00289A16 /* Main.storyboard */,
				B6012A501E5F5C4E00289A16 /* Assets.xcassets */,
				B6012A551E5F5C4E00289A16 /* Info.plist */,
				B62A33FA1E620E06006C81D5 /* RealmManager.swift */,
			);
			path = Nom;
			sourceTree = "<group>";
		};
		B6012A5B1E5F5F2C00289A16 /* Launcher */ = {
			isa = PBXGroup;
			children = (
				B6012A521E5F5C4E00289A16 /* LaunchScreen.storyboard */,
			);
			name = Launcher;
			sourceTree = "<group>";
		};
		B6012A5E1E5F653C00289A16 /* MainView */ = {
			isa = PBXGroup;
			children = (
				B62A33EF1E61A4F7006C81D5 /* Model */,
				B62A33EC1E61A49F006C81D5 /* ViewModel */,
				B6012A5F1E5F655E00289A16 /* View */,
			);
			name = MainView;
			sourceTree = "<group>";
		};
		B6012A5F1E5F655E00289A16 /* View */ = {
			isa = PBXGroup;
			children = (
				B6012A661E5F689F00289A16 /* Day */,
				B6012A601E5F65AE00289A16 /* Days.storyboard */,
				B6012A621E5F681300289A16 /* DaysPageViewController.swift */,
				B6012A641E5F685200289A16 /* DaysViewController.swift */,
			);
			name = View;
			sourceTree = "<group>";
		};
		B6012A661E5F689F00289A16 /* Day */ = {
			isa = PBXGroup;
			children = (
				B6012A6B1E5F6A6300289A16 /* Cells */,
				B6012A671E5F68E900289A16 /* Day.storyboard */,
				B6012A691E5F691600289A16 /* DayViewController.swift */,
			);
			name = Day;
			sourceTree = "<group>";
		};
		B6012A6B1E5F6A6300289A16 /* Cells */ = {
			isa = PBXGroup;
			children = (
				B6012A6C1E5F6AC500289A16 /* FoodTruckMainCell.swift */,
				B6012A6D1E5F6AC500289A16 /* FoodTruckMainCell.xib */,
				B6012A701E5F6B7300289A16 /* FoodTruckContentCell.swift */,
				B6012A711E5F6B7300289A16 /* FoodTruckContentCell.xib */,
				B6012A741E5F72A000289A16 /* MealCell.swift */,
				B6012A751E5F72A000289A16 /* MealCell.xib */,
			);
			name = Cells;
			sourceTree = "<group>";
		};
		B6039A711E6237D800B2E918 /* Extensions */ = {
			isa = PBXGroup;
			children = (
				B6039A721E6237F200B2E918 /* UIColorExtension.swift */,
			);
			name = Extensions;
			sourceTree = "<group>";
		};
		B6039A741E6237FF00B2E918 /* Settings */ = {
			isa = PBXGroup;
			children = (
				B6039A751E62381500B2E918 /* Appearance.swift */,
			);
			name = Settings;
			sourceTree = "<group>";
		};
		B62A33EC1E61A49F006C81D5 /* ViewModel */ = {
			isa = PBXGroup;
			children = (
				B62A33ED1E61A4BB006C81D5 /* MealViewModel.swift */,
				B62A33F41E61E371006C81D5 /* FoodTruckViewModel.swift */,
				B62A33F81E620B35006C81D5 /* DayViewModel.swift */,
			);
			name = ViewModel;
			sourceTree = "<group>";
		};
		B62A33EF1E61A4F7006C81D5 /* Model */ = {
			isa = PBXGroup;
			children = (
				B62A33F01E61A511006C81D5 /* MealModel.swift */,
				B62A33F61E6208BA006C81D5 /* DayModel.swift */,
				B62A33F21E61E0A6006C81D5 /* FoodTruckModel.swift */,
			);
			name = Model;
			sourceTree = "<group>";
		};
		B6700654B24FDC2FB1A625C1 /* Pods */ = {
			isa = PBXGroup;
			children = (
				E78AFCE00F11F3733400ABB1 /* Pods-Nom.debug.xcconfig */,
				AD3DCFCF381B075058511029 /* Pods-Nom.release.xcconfig */,
			);
			name = Pods;
			sourceTree = "<group>";
		};
/* End PBXGroup section */

/* Begin PBXNativeTarget section */
		B6012A451E5F5C4E00289A16 /* Nom */ = {
			isa = PBXNativeTarget;
			buildConfigurationList = B6012A581E5F5C4E00289A16 /* Build configuration list for PBXNativeTarget "Nom" */;
			buildPhases = (
				CC56E6F7A5366CDEACA935CB /* [CP] Check Pods Manifest.lock */,
				B6012A421E5F5C4E00289A16 /* Sources */,
				B6012A431E5F5C4E00289A16 /* Frameworks */,
				B6012A441E5F5C4E00289A16 /* Resources */,
				C4316E799C0F7B9B22087D9F /* [CP] Embed Pods Frameworks */,
				5265F7D9A9F9A62933C91B3A /* [CP] Copy Pods Resources */,
			);
			buildRules = (
			);
			dependencies = (
			);
			name = Nom;
			productName = Nom;
			productReference = B6012A461E5F5C4E00289A16 /* Nom.app */;
			productType = "com.apple.product-type.application";
		};
/* End PBXNativeTarget section */

/* Begin PBXProject section */
		B6012A3E1E5F5C4E00289A16 /* Project object */ = {
			isa = PBXProject;
			attributes = {
				LastSwiftUpdateCheck = 0820;
				LastUpgradeCheck = 0820;
				ORGANIZATIONNAME = Magdusz;
				TargetAttributes = {
					B6012A451E5F5C4E00289A16 = {
						CreatedOnToolsVersion = 8.2.1;
						ProvisioningStyle = Automatic;
					};
				};
			};
			buildConfigurationList = B6012A411E5F5C4E00289A16 /* Build configuration list for PBXProject "Nom" */;
			compatibilityVersion = "Xcode 3.2";
			developmentRegion = English;
			hasScannedForEncodings = 0;
			knownRegions = (
				en,
				Base,
			);
			mainGroup = B6012A3D1E5F5C4E00289A16;
			productRefGroup = B6012A471E5F5C4E00289A16 /* Products */;
			projectDirPath = "";
			projectRoot = "";
			targets = (
				B6012A451E5F5C4E00289A16 /* Nom */,
			);
		};
/* End PBXProject section */

/* Begin PBXResourcesBuildPhase section */
		B6012A441E5F5C4E00289A16 /* Resources */ = {
			isa = PBXResourcesBuildPhase;
			buildActionMask = 2147483647;
			files = (
				B6012A541E5F5C4E00289A16 /* LaunchScreen.storyboard in Resources */,
				B6012A731E5F6B7300289A16 /* FoodTruckContentCell.xib in Resources */,
				B6012A511E5F5C4E00289A16 /* Assets.xcassets in Resources */,
				B6012A681E5F68E900289A16 /* Day.storyboard in Resources */,
				B6012A771E5F72A000289A16 /* MealCell.xib in Resources */,
				B6012A4F1E5F5C4E00289A16 /* Main.storyboard in Resources */,
				B6012A6F1E5F6AC500289A16 /* FoodTruckMainCell.xib in Resources */,
				B6012A611E5F65AE00289A16 /* Days.storyboard in Resources */,
			);
			runOnlyForDeploymentPostprocessing = 0;
		};
/* End PBXResourcesBuildPhase section */

/* Begin PBXShellScriptBuildPhase section */
		5265F7D9A9F9A62933C91B3A /* [CP] Copy Pods Resources */ = {
			isa = PBXShellScriptBuildPhase;
			buildActionMask = 2147483647;
			files = (
			);
			inputPaths = (
			);
			name = "[CP] Copy Pods Resources";
			outputPaths = (
			);
			runOnlyForDeploymentPostprocessing = 0;
			shellPath = /bin/sh;
			shellScript = "\"${SRCROOT}/Pods/Target Support Files/Pods-Nom/Pods-Nom-resources.sh\"\n";
			showEnvVarsInLog = 0;
		};
		C4316E799C0F7B9B22087D9F /* [CP] Embed Pods Frameworks */ = {
			isa = PBXShellScriptBuildPhase;
			buildActionMask = 2147483647;
			files = (
			);
			inputPaths = (
			);
			name = "[CP] Embed Pods Frameworks";
			outputPaths = (
			);
			runOnlyForDeploymentPostprocessing = 0;
			shellPath = /bin/sh;
			shellScript = "\"${SRCROOT}/Pods/Target Support Files/Pods-Nom/Pods-Nom-frameworks.sh\"\n";
			showEnvVarsInLog = 0;
		};
		CC56E6F7A5366CDEACA935CB /* [CP] Check Pods Manifest.lock */ = {
			isa = PBXShellScriptBuildPhase;
			buildActionMask = 2147483647;
			files = (
			);
			inputPaths = (
			);
			name = "[CP] Check Pods Manifest.lock";
			outputPaths = (
			);
			runOnlyForDeploymentPostprocessing = 0;
			shellPath = /bin/sh;
			shellScript = "diff \"${PODS_ROOT}/../Podfile.lock\" \"${PODS_ROOT}/Manifest.lock\" > /dev/null\nif [ $? != 0 ] ; then\n    # print error to STDERR\n    echo \"error: The sandbox is not in sync with the Podfile.lock. Run 'pod install' or update your CocoaPods installation.\" >&2\n    exit 1\nfi\n";
			showEnvVarsInLog = 0;
		};
/* End PBXShellScriptBuildPhase section */

/* Begin PBXSourcesBuildPhase section */
		B6012A421E5F5C4E00289A16 /* Sources */ = {
			isa = PBXSourcesBuildPhase;
			buildActionMask = 2147483647;
			files = (
				B62A33F51E61E371006C81D5 /* FoodTruckViewModel.swift in Sources */,
				B62A33F11E61A511006C81D5 /* MealModel.swift in Sources */,
				B62A33FB1E620E06006C81D5 /* RealmManager.swift in Sources */,
				B6012A761E5F72A000289A16 /* MealCell.swift in Sources */,
				B6012A4C1E5F5C4E00289A16 /* ViewController.swift in Sources */,
				B6039A761E62381500B2E918 /* Appearance.swift in Sources */,
				B6012A6A1E5F691600289A16 /* DayViewController.swift in Sources */,
				B62A33F31E61E0A6006C81D5 /* FoodTruckModel.swift in Sources */,
				B6012A6E1E5F6AC500289A16 /* FoodTruckMainCell.swift in Sources */,
				B6012A4A1E5F5C4E00289A16 /* AppDelegate.swift in Sources */,
				B62A33EE1E61A4BB006C81D5 /* MealViewModel.swift in Sources */,
				B62A33F71E6208BA006C81D5 /* DayModel.swift in Sources */,
				B6039A731E6237F200B2E918 /* UIColorExtension.swift in Sources */,
				B6012A721E5F6B7300289A16 /* FoodTruckContentCell.swift in Sources */,
				B6012A631E5F681300289A16 /* DaysPageViewController.swift in Sources */,
				B6012A651E5F685200289A16 /* DaysViewController.swift in Sources */,
				B62A33F91E620B35006C81D5 /* DayViewModel.swift in Sources */,
			);
			runOnlyForDeploymentPostprocessing = 0;
		};
/* End PBXSourcesBuildPhase section */

/* Begin PBXVariantGroup section */
		B6012A4D1E5F5C4E00289A16 /* Main.storyboard */ = {
			isa = PBXVariantGroup;
			children = (
				B6012A4E1E5F5C4E00289A16 /* Base */,
			);
			name = Main.storyboard;
			sourceTree = "<group>";
		};
		B6012A521E5F5C4E00289A16 /* LaunchScreen.storyboard */ = {
			isa = PBXVariantGroup;
			children = (
				B6012A531E5F5C4E00289A16 /* Base */,
			);
			name = LaunchScreen.storyboard;
			sourceTree = "<group>";
		};
/* End PBXVariantGroup section */

/* Begin XCBuildConfiguration section */
		B6012A561E5F5C4E00289A16 /* Debug */ = {
			isa = XCBuildConfiguration;
			buildSettings = {
				ALWAYS_SEARCH_USER_PATHS = NO;
				CLANG_ANALYZER_NONNULL = YES;
				CLANG_CXX_LANGUAGE_STANDARD = "gnu++0x";
				CLANG_CXX_LIBRARY = "libc++";
				CLANG_ENABLE_MODULES = YES;
				CLANG_ENABLE_OBJC_ARC = YES;
				CLANG_WARN_BOOL_CONVERSION = YES;
				CLANG_WARN_CONSTANT_CONVERSION = YES;
				CLANG_WARN_DIRECT_OBJC_ISA_USAGE = YES_ERROR;
				CLANG_WARN_DOCUMENTATION_COMMENTS = YES;
				CLANG_WARN_EMPTY_BODY = YES;
				CLANG_WARN_ENUM_CONVERSION = YES;
				CLANG_WARN_INFINITE_RECURSION = YES;
				CLANG_WARN_INT_CONVERSION = YES;
				CLANG_WARN_OBJC_ROOT_CLASS = YES_ERROR;
				CLANG_WARN_SUSPICIOUS_MOVE = YES;
				CLANG_WARN_UNREACHABLE_CODE = YES;
				CLANG_WARN__DUPLICATE_METHOD_MATCH = YES;
				"CODE_SIGN_IDENTITY[sdk=iphoneos*]" = "iPhone Developer";
				COPY_PHASE_STRIP = NO;
				DEBUG_INFORMATION_FORMAT = dwarf;
				ENABLE_STRICT_OBJC_MSGSEND = YES;
				ENABLE_TESTABILITY = YES;
				GCC_C_LANGUAGE_STANDARD = gnu99;
				GCC_DYNAMIC_NO_PIC = NO;
				GCC_NO_COMMON_BLOCKS = YES;
				GCC_OPTIMIZATION_LEVEL = 0;
				GCC_PREPROCESSOR_DEFINITIONS = (
					"DEBUG=1",
					"$(inherited)",
				);
				GCC_WARN_64_TO_32_BIT_CONVERSION = YES;
				GCC_WARN_ABOUT_RETURN_TYPE = YES_ERROR;
				GCC_WARN_UNDECLARED_SELECTOR = YES;
				GCC_WARN_UNINITIALIZED_AUTOS = YES_AGGRESSIVE;
				GCC_WARN_UNUSED_FUNCTION = YES;
				GCC_WARN_UNUSED_VARIABLE = YES;
				IPHONEOS_DEPLOYMENT_TARGET = 10.2;
				MTL_ENABLE_DEBUG_INFO = YES;
				ONLY_ACTIVE_ARCH = YES;
				SDKROOT = iphoneos;
				SWIFT_ACTIVE_COMPILATION_CONDITIONS = DEBUG;
				SWIFT_OPTIMIZATION_LEVEL = "-Onone";
			};
			name = Debug;
		};
		B6012A571E5F5C4E00289A16 /* Release */ = {
			isa = XCBuildConfiguration;
			buildSettings = {
				ALWAYS_SEARCH_USER_PATHS = NO;
				CLANG_ANALYZER_NONNULL = YES;
				CLANG_CXX_LANGUAGE_STANDARD = "gnu++0x";
				CLANG_CXX_LIBRARY = "libc++";
				CLANG_ENABLE_MODULES = YES;
				CLANG_ENABLE_OBJC_ARC = YES;
				CLANG_WARN_BOOL_CONVERSION = YES;
				CLANG_WARN_CONSTANT_CONVERSION = YES;
				CLANG_WARN_DIRECT_OBJC_ISA_USAGE = YES_ERROR;
				CLANG_WARN_DOCUMENTATION_COMMENTS = YES;
				CLANG_WARN_EMPTY_BODY = YES;
				CLANG_WARN_ENUM_CONVERSION = YES;
				CLANG_WARN_INFINITE_RECURSION = YES;
				CLANG_WARN_INT_CONVERSION = YES;
				CLANG_WARN_OBJC_ROOT_CLASS = YES_ERROR;
				CLANG_WARN_SUSPICIOUS_MOVE = YES;
				CLANG_WARN_UNREACHABLE_CODE = YES;
				CLANG_WARN__DUPLICATE_METHOD_MATCH = YES;
				"CODE_SIGN_IDENTITY[sdk=iphoneos*]" = "iPhone Developer";
				COPY_PHASE_STRIP = NO;
				DEBUG_INFORMATION_FORMAT = "dwarf-with-dsym";
				ENABLE_NS_ASSERTIONS = NO;
				ENABLE_STRICT_OBJC_MSGSEND = YES;
				GCC_C_LANGUAGE_STANDARD = gnu99;
				GCC_NO_COMMON_BLOCKS = YES;
				GCC_WARN_64_TO_32_BIT_CONVERSION = YES;
				GCC_WARN_ABOUT_RETURN_TYPE = YES_ERROR;
				GCC_WARN_UNDECLARED_SELECTOR = YES;
				GCC_WARN_UNINITIALIZED_AUTOS = YES_AGGRESSIVE;
				GCC_WARN_UNUSED_FUNCTION = YES;
				GCC_WARN_UNUSED_VARIABLE = YES;
				IPHONEOS_DEPLOYMENT_TARGET = 10.2;
				MTL_ENABLE_DEBUG_INFO = NO;
				SDKROOT = iphoneos;
				SWIFT_OPTIMIZATION_LEVEL = "-Owholemodule";
				VALIDATE_PRODUCT = YES;
			};
			name = Release;
		};
		B6012A591E5F5C4E00289A16 /* Debug */ = {
			isa = XCBuildConfiguration;
			baseConfigurationReference = E78AFCE00F11F3733400ABB1 /* Pods-Nom.debug.xcconfig */;
			buildSettings = {
				ASSETCATALOG_COMPILER_APPICON_NAME = AppIcon;
				INFOPLIST_FILE = Nom/Info.plist;
				LD_RUNPATH_SEARCH_PATHS = "$(inherited) @executable_path/Frameworks";
				PRODUCT_BUNDLE_IDENTIFIER = mc.Nom;
				PRODUCT_NAME = "$(TARGET_NAME)";
				SWIFT_VERSION = 3.0;
			};
			name = Debug;
		};
		B6012A5A1E5F5C4E00289A16 /* Release */ = {
			isa = XCBuildConfiguration;
			baseConfigurationReference = AD3DCFCF381B075058511029 /* Pods-Nom.release.xcconfig */;
			buildSettings = {
				ASSETCATALOG_COMPILER_APPICON_NAME = AppIcon;
				INFOPLIST_FILE = Nom/Info.plist;
				LD_RUNPATH_SEARCH_PATHS = "$(inherited) @executable_path/Frameworks";
				PRODUCT_BUNDLE_IDENTIFIER = mc.Nom;
				PRODUCT_NAME = "$(TARGET_NAME)";
				SWIFT_VERSION = 3.0;
			};
			name = Release;
		};
/* End XCBuildConfiguration section */

/* Begin XCConfigurationList section */
		B6012A411E5F5C4E00289A16 /* Build configuration list for PBXProject "Nom" */ = {
			isa = XCConfigurationList;
			buildConfigurations = (
				B6012A561E5F5C4E00289A16 /* Debug */,
				B6012A571E5F5C4E00289A16 /* Release */,
			);
			defaultConfigurationIsVisible = 0;
			defaultConfigurationName = Release;
		};
		B6012A581E5F5C4E00289A16 /* Build configuration list for PBXNativeTarget "Nom" */ = {
			isa = XCConfigurationList;
			buildConfigurations = (
				B6012A591E5F5C4E00289A16 /* Debug */,
				B6012A5A1E5F5C4E00289A16 /* Release */,
			);
			defaultConfigurationIsVisible = 0;
			defaultConfigurationName = Release;
		};
/* End XCConfigurationList section */
	};
	rootObject = B6012A3E1E5F5C4E00289A16 /* Project object */;
}
